
Microsoft Visual Studio Solution File, Format Version 12.00
Project("{FAE04EC0-301F-11D3-BF4B-00C04F79EFBC}") = "FishShop.API", "FishShop.API\FishShop.API.csproj", "{C7D2AEC0-82C7-4252-8277-B79B3C2ACC9D}"
EndProject
Project("{2150E333-8FDC-42A3-9474-1A3956D46DE8}") = "Solution Items", "Solution Items", "{1700D31B-1C49-43C0-99D3-85F3CABC96A0}"
	ProjectSection(SolutionItems) = preProject
		docker-compose.yml = docker-compose.yml
	EndProjectSection
EndProject
Global
	GlobalSection(SolutionConfigurationPlatforms) = preSolution
		Debug|Any CPU = Debug|Any CPU
		Release|Any CPU = Release|Any CPU
	EndGlobalSection
	GlobalSection(ProjectConfigurationPlatforms) = postSolution
		{C7D2AEC0-82C7-4252-8277-B79B3C2ACC9D}.Debug|Any CPU.ActiveCfg = Debug|Any CPU
		{C7D2AEC0-82C7-4252-8277-B79B3C2ACC9D}.Debug|Any CPU.Build.0 = Debug|Any CPU
		{C7D2AEC0-82C7-4252-8277-B79B3C2ACC9D}.Release|Any CPU.ActiveCfg = Release|Any CPU
		{C7D2AEC0-82C7-4252-8277-B79B3C2ACC9D}.Release|Any CPU.Build.0 = Release|Any CPU
	EndGlobalSection
EndGlobal
